Microsoft Visual Studio Solution File, Format Version 7.00
Project("{FAE04EC0-301F-11D3-BF4B-00C04F79EFBC}") = "WindowsApplication1", "WindowsApplication1.csproj", "{4D6772A0-24F1-4D45-A4F1-39F784C32B12}"
EndProject
Global
	GlobalSection(SolutionConfiguration) = preSolution
		ConfigName.0 = Debug
		ConfigName.1 = Release
	EndGlobalSection
	GlobalSection(ProjectDependencies) = postSolution
	EndGlobalSection
	GlobalSection(ProjectConfiguration) = postSolution
		{4D6772A0-24F1-4D45-A4F1-39F784C32B12}.Debug.ActiveCfg = Debug|.NET
		{4D6772A0-24F1-4D45-A4F1-39F784C32B12}.Debug.Build.0 = Debug|.NET
		{4D6772A0-24F1-4D45-A4F1-39F784C32B12}.Release.ActiveCfg = Release|.NET
		{4D6772A0-24F1-4D45-A4F1-39F784C32B12}.Release.Build.0 = Release|.NET
	EndGlobalSection
	GlobalSection(ExtensibilityGlobals) = postSolution
	EndGlobalSection
	GlobalSection(ExtensibilityAddIns) = postSolution
	EndGlobalSection
EndGlobal
